{
  "name": "basics-of-programming-part-2",
  "version": "1.0.0",
  "lockfileVersion": 3,
  "requires": true,
  "packages": {
    "": {
      "name": "basics-of-programming-part-2",
      "version": "1.0.0",
      "license": "ISC",
      "dependencies": {
        "Lab2": "file:../Lab2/my-lib"
      }
    },
    "../Lab2": {},
    "../Lab2/my-lib": {},
    "app": {
      "name": "basics-of-programming-part-2",
      "version": "1.0.0",
      "extraneous": true,
      "license": "ISC"
    },
    "node_modules/Lab2": {
      "resolved": "../Lab2/my-lib",
      "link": true
    }
  }
}
